
Microsoft Visual Studio Solution File, Format Version 9.00
# Visual Studio 2005
Project("{FAE04EC0-301F-11D3-BF4B-00C04F79EFBC}") = "DocSelection", "DocSelection.csproj", "{CBFD8448-FBEA-47FB-9C87-9E6DD1D0F023}"
EndProject
Global
	GlobalSection(SolutionConfigurationPlatforms) = preSolution
		Debug|Any CPU = Debug|Any CPU
		Release|Any CPU = Release|Any CPU
	EndGlobalSection
	GlobalSection(ProjectConfigurationPlatforms) = postSolution
		{CBFD8448-FBEA-47FB-9C87-9E6DD1D0F023}.Debug|Any CPU.ActiveCfg = Debug|Any CPU
		{CBFD8448-FBEA-47FB-9C87-9E6DD1D0F023}.Debug|Any CPU.Build.0 = Debug|Any CPU
		{CBFD8448-FBEA-47FB-9C87-9E6DD1D0F023}.Release|Any CPU.ActiveCfg = Release|Any CPU
		{CBFD8448-FBEA-47FB-9C87-9E6DD1D0F023}.Release|Any CPU.Build.0 = Release|Any CPU
	EndGlobalSection
	GlobalSection(SolutionProperties) = preSolution
		HideSolutionNode = FALSE
	EndGlobalSection
EndGlobal
