
Microsoft Visual Studio Solution File, Format Version 9.00
# Visual Studio 2005
Project("{8BC9CEB8-8B4A-11D0-8D11-00A0C91BC942}") = "CH07", "CH07.vcproj", "{FB9ACB6E-135E-4E31-9A82-32CC2AABDCC3}"
EndProject
Global
	GlobalSection(SolutionConfigurationPlatforms) = preSolution
		Debug|Win32 = Debug|Win32
		Release|Win32 = Release|Win32
	EndGlobalSection
	GlobalSection(ProjectConfigurationPlatforms) = postSolution
		{FB9ACB6E-135E-4E31-9A82-32CC2AABDCC3}.Debug|Win32.ActiveCfg = Debug|Win32
		{FB9ACB6E-135E-4E31-9A82-32CC2AABDCC3}.Debug|Win32.Build.0 = Debug|Win32
		{FB9ACB6E-135E-4E31-9A82-32CC2AABDCC3}.Release|Win32.ActiveCfg = Release|Win32
		{FB9ACB6E-135E-4E31-9A82-32CC2AABDCC3}.Release|Win32.Build.0 = Release|Win32
	EndGlobalSection
	GlobalSection(SolutionProperties) = preSolution
		HideSolutionNode = FALSE
	EndGlobalSection
EndGlobal
