
Microsoft Visual Studio Solution File, Format Version 9.00
# Visual Studio 2005
Project("{8BC9CEB8-8B4A-11D0-8D11-00A0C91BC942}") = "CH081", "CH081\CH081.vcproj", "{70570DA8-FE4D-4856-B876-18102FE3498F}"
EndProject
Project("{8BC9CEB8-8B4A-11D0-8D11-00A0C91BC942}") = "CH082", "..\CH082\CH082.vcproj", "{8BB93F8F-DAD1-4A53-833F-40A85A500122}"
EndProject
Project("{8BC9CEB8-8B4A-11D0-8D11-00A0C91BC942}") = "CH08UI", "..\CH08UI\CH08UI.vcproj", "{768CCE94-5A23-43A6-853E-E892BD40F605}"
EndProject
Global
	GlobalSection(SolutionConfigurationPlatforms) = preSolution
		Debug|Win32 = Debug|Win32
		Release|Win32 = Release|Win32
	EndGlobalSection
	GlobalSection(ProjectConfigurationPlatforms) = postSolution
		{70570DA8-FE4D-4856-B876-18102FE3498F}.Debug|Win32.ActiveCfg = Debug|Win32
		{70570DA8-FE4D-4856-B876-18102FE3498F}.Debug|Win32.Build.0 = Debug|Win32
		{70570DA8-FE4D-4856-B876-18102FE3498F}.Release|Win32.ActiveCfg = Release|Win32
		{70570DA8-FE4D-4856-B876-18102FE3498F}.Release|Win32.Build.0 = Release|Win32
		{8BB93F8F-DAD1-4A53-833F-40A85A500122}.Debug|Win32.ActiveCfg = Debug|Win32
		{8BB93F8F-DAD1-4A53-833F-40A85A500122}.Debug|Win32.Build.0 = Debug|Win32
		{8BB93F8F-DAD1-4A53-833F-40A85A500122}.Release|Win32.ActiveCfg = Release|Win32
		{8BB93F8F-DAD1-4A53-833F-40A85A500122}.Release|Win32.Build.0 = Release|Win32
		{768CCE94-5A23-43A6-853E-E892BD40F605}.Debug|Win32.ActiveCfg = Debug|Win32
		{768CCE94-5A23-43A6-853E-E892BD40F605}.Debug|Win32.Build.0 = Debug|Win32
		{768CCE94-5A23-43A6-853E-E892BD40F605}.Release|Win32.ActiveCfg = Release|Win32
		{768CCE94-5A23-43A6-853E-E892BD40F605}.Release|Win32.Build.0 = Release|Win32
	EndGlobalSection
	GlobalSection(SolutionProperties) = preSolution
		HideSolutionNode = FALSE
	EndGlobalSection
EndGlobal
