
Microsoft Visual Studio Solution File, Format Version 9.00
# Visual Studio 2005
Project("{FAE04EC0-301F-11D3-BF4B-00C04F79EFBC}") = "IterDocElems", "IterDocElems.csproj", "{4E18E924-6F1A-4F57-AC2F-F2BFE92EAEDB}"
EndProject
Global
	GlobalSection(SolutionConfigurationPlatforms) = preSolution
		Debug|Any CPU = Debug|Any CPU
		Release|Any CPU = Release|Any CPU
	EndGlobalSection
	GlobalSection(ProjectConfigurationPlatforms) = postSolution
		{4E18E924-6F1A-4F57-AC2F-F2BFE92EAEDB}.Debug|Any CPU.ActiveCfg = Debug|Any CPU
		{4E18E924-6F1A-4F57-AC2F-F2BFE92EAEDB}.Debug|Any CPU.Build.0 = Debug|Any CPU
		{4E18E924-6F1A-4F57-AC2F-F2BFE92EAEDB}.Release|Any CPU.ActiveCfg = Release|Any CPU
		{4E18E924-6F1A-4F57-AC2F-F2BFE92EAEDB}.Release|Any CPU.Build.0 = Release|Any CPU
	EndGlobalSection
	GlobalSection(SolutionProperties) = preSolution
		HideSolutionNode = FALSE
	EndGlobalSection
EndGlobal
