
Microsoft Visual Studio Solution File, Format Version 9.00
# Visual Studio 2005
Project("{FAE04EC0-301F-11D3-BF4B-00C04F79EFBC}") = "NewFamilyInstance", "NewFamilyInstance.csproj", "{337ED3B6-8735-4591-A46D-E42646B4F121}"
EndProject
Global
	GlobalSection(SolutionConfigurationPlatforms) = preSolution
		Debug|Any CPU = Debug|Any CPU
		Release|Any CPU = Release|Any CPU
	EndGlobalSection
	GlobalSection(ProjectConfigurationPlatforms) = postSolution
		{337ED3B6-8735-4591-A46D-E42646B4F121}.Debug|Any CPU.ActiveCfg = Debug|Any CPU
		{337ED3B6-8735-4591-A46D-E42646B4F121}.Debug|Any CPU.Build.0 = Debug|Any CPU
		{337ED3B6-8735-4591-A46D-E42646B4F121}.Release|Any CPU.ActiveCfg = Release|Any CPU
		{337ED3B6-8735-4591-A46D-E42646B4F121}.Release|Any CPU.Build.0 = Release|Any CPU
	EndGlobalSection
	GlobalSection(SolutionProperties) = preSolution
		HideSolutionNode = FALSE
	EndGlobalSection
EndGlobal
